
Microsoft Visual Studio Solution File, Format Version 12.00
# Visual Studio Version 16
VisualStudioVersion = 16.0.29920.165
MinimumVisualStudioVersion = 10.0.40219.1
Project("{FAE04EC0-301F-11D3-BF4B-00C04F79EFBC}") = "WalletApp", "WalletApp\WalletApp.csproj", "{BA65780F-FA7E-4DA0-B428-6D796FD59F4C}"
EndProject
Project("{FAE04EC0-301F-11D3-BF4B-00C04F79EFBC}") = "WalletApp_Tests", "WalletApp_Tests\WalletApp_Tests.csproj", "{D510FACC-BE2E-4EDB-AFD7-D3B9C9114D90}"
EndProject
Global
	GlobalSection(SolutionConfigurationPlatforms) = preSolution
		Debug|Any CPU = Debug|Any CPU
		Release|Any CPU = Release|Any CPU
	EndGlobalSection
	GlobalSection(ProjectConfigurationPlatforms) = postSolution
		{BA65780F-FA7E-4DA0-B428-6D796FD59F4C}.Debug|Any CPU.ActiveCfg = Debug|Any CPU
		{BA65780F-FA7E-4DA0-B428-6D796FD59F4C}.Debug|Any CPU.Build.0 = Debug|Any CPU
		{BA65780F-FA7E-4DA0-B428-6D796FD59F4C}.Release|Any CPU.ActiveCfg = Release|Any CPU
		{BA65780F-FA7E-4DA0-B428-6D796FD59F4C}.Release|Any CPU.Build.0 = Release|Any CPU
		{D510FACC-BE2E-4EDB-AFD7-D3B9C9114D90}.Debug|Any CPU.ActiveCfg = Debug|Any CPU
		{D510FACC-BE2E-4EDB-AFD7-D3B9C9114D90}.Debug|Any CPU.Build.0 = Debug|Any CPU
		{D510FACC-BE2E-4EDB-AFD7-D3B9C9114D90}.Release|Any CPU.ActiveCfg = Release|Any CPU
		{D510FACC-BE2E-4EDB-AFD7-D3B9C9114D90}.Release|Any CPU.Build.0 = Release|Any CPU
	EndGlobalSection
	GlobalSection(SolutionProperties) = preSolution
		HideSolutionNode = FALSE
	EndGlobalSection
	GlobalSection(ExtensibilityGlobals) = postSolution
		SolutionGuid = {0F04B4C6-FA88-4928-98B4-F44D7C01855B}
	EndGlobalSection
EndGlobal
